{
  "requires": true,
  "lockfileVersion": 1,
  "dependencies": {
    "@vue/composition-api": {
      "version": "1.4.9",
      "resolved": "https://registry.npmjs.org/@vue/composition-api/-/composition-api-1.4.9.tgz",
      "integrity": "sha512-l6YOeg5LEXmfPqyxAnBaCv1FMRw0OGKJ4m6nOWRm6ngt5TuHcj5ZoBRN+LXh3J0u6Ur3C4VA+RiKT+M0eItr/g=="
    }
  }
}
